
Microsoft Visual Studio Solution File, Format Version 12.00
# Visual Studio Version 17
VisualStudioVersion = 17.5.33414.496
MinimumVisualStudioVersion = 10.0.40219.1
Project("{FAE04EC0-301F-11D3-BF4B-00C04F79EFBC}") = "DevolverTroco", "DevolverTroco\DevolverTroco.csproj", "{BFEE8975-4320-4479-8D8C-F8E09D450BED}"
EndProject
Global
	GlobalSection(SolutionConfigurationPlatforms) = preSolution
		Debug|Any CPU = Debug|Any CPU
		Release|Any CPU = Release|Any CPU
	EndGlobalSection
	GlobalSection(ProjectConfigurationPlatforms) = postSolution
		{BFEE8975-4320-4479-8D8C-F8E09D450BED}.Debug|Any CPU.ActiveCfg = Debug|Any CPU
		{BFEE8975-4320-4479-8D8C-F8E09D450BED}.Debug|Any CPU.Build.0 = Debug|Any CPU
		{BFEE8975-4320-4479-8D8C-F8E09D450BED}.Release|Any CPU.ActiveCfg = Release|Any CPU
		{BFEE8975-4320-4479-8D8C-F8E09D450BED}.Release|Any CPU.Build.0 = Release|Any CPU
	EndGlobalSection
	GlobalSection(SolutionProperties) = preSolution
		HideSolutionNode = FALSE
	EndGlobalSection
	GlobalSection(ExtensibilityGlobals) = postSolution
		SolutionGuid = {79AAD83D-155F-4149-A4B7-088AA1E2FAF1}
	EndGlobalSection
EndGlobal
